# -------------------------------------------------------------------------- #
#
# Copyright (C) 2021  Intel Corporation. All rights reserved.
# Your use of Intel Corporation's design tools, logic functions 
# and other software and tools, and any partner logic 
# functions, and any output files from any of the foregoing 
# (including device programming or simulation files), and any 
# associated documentation or information are expressly subject 
# to the terms and conditions of the Intel Program License 
# Subscription Agreement, the Intel Quartus Prime License Agreement,
# the Intel FPGA IP License Agreement, or other applicable license
# agreement, including, without limitation, that your use is for
# the sole purpose of programming logic devices manufactured by
# Intel and sold by Intel or its authorized distributors.  Please
# refer to the applicable agreement for further details, at
# https://fpgasoftware.intel.com/eula.
#
# -------------------------------------------------------------------------- #
#
# Quartus Prime
# Version 21.4.0 Internal Build 22 10/04/2021 SC Pro Edition
# Date created = 12:13:14  October 26, 2021
#
# -------------------------------------------------------------------------- #
#
# Notes:
#
# 1) The default values for assignments are stored in the file:
#		alt_mge_channel_assignment_defaults.qdf
#    If this file doesn't exist, see file:
#		assignment_defaults.qdf
#
# 2) Intel recommends that you do not modify this file. This
#    file is updated automatically by the Quartus Prime software
#    and any changes you make may be lost or overwritten.
#
# -------------------------------------------------------------------------- #

set_global_assignment -name TOP_LEVEL_ENTITY dut_top
set_global_assignment -name ORIGINAL_QUARTUS_VERSION 21.4.0
set_global_assignment -name PROJECT_CREATION_TIME_DATE "04:49:46  OCTOBER 27, 2021"
set_global_assignment -name LAST_QUARTUS_VERSION "21.4.0 Pro Edition"
set_global_assignment -name FAMILY FALCONMESA
set_global_assignment -name DEVICE AGIB027R31B1E2VR0
set_global_assignment -name ACTIVE_SERIAL_CLOCK AS_FREQ_115MHZ_IOSC
set_global_assignment -name PWRMGT_VOLTAGE_OUTPUT_FORMAT "LINEAR FORMAT"
set_global_assignment -name PWRMGT_LINEAR_FORMAT_N "-12"
set_global_assignment -name IP_FILE alt_mge_systemclk_f_0.ip
set_global_assignment -name IP_FILE alt_mge_channel.ip
set_global_assignment -name IP_FILE alt_eth_top.ip
set_global_assignment -name IP_FILE alt_mge_iopll.ip
set_global_assignment -name IP_FILE address_decoder_channel_csr_clk.ip
set_global_assignment -name IP_FILE address_decoder_channel_mac.ip
set_global_assignment -name IP_FILE address_decoder_channel_master.ip
set_global_assignment -name IP_FILE address_decoder_channel_phy.ip
set_global_assignment -name IP_FILE address_decoder_channel_xcvr_rcfg.ip
set_global_assignment -name IP_FILE address_decoder_channel.qsys
set_global_assignment -name IP_TILE_PLACEMENT "z1577a_x0_y166_n0" -to alt_mge_channel
